<Solution>
  <Project Path="../../../../../../../../My private programs/Programing/C#/Librarys/DataWeaver/DataWeaver.Core/DataWeaver.Core.csproj" Id="4906a048-dc2a-4961-8261-f1130c89d679" />
  <Project Path="../../../../../../../../My private programs/Programing/C#/Librarys/DataWeaver/DataWeaver.Demo/DataWeaver.Demo.csproj" Id="7e739f15-e20b-4218-b5e3-c7171d261214" />
  <Project Path="../../../../../../../../My private programs/Programing/C#/Librarys/DataWeaver/DataWeaver.Test/DataWeaver.Test.csproj" Id="8a4f29c2-b668-46b8-a90a-2b230c6f5dde" />
</Solution>
